
Microsoft Visual Studio Solution File, Format Version 12.00
# Visual Studio Version 17
VisualStudioVersion = 17.14.36414.22 d17.14
MinimumVisualStudioVersion = 10.0.40219.1
Project("{FAE04EC0-301F-11D3-BF4B-00C04F79EFBC}") = "Expense Tracker", "Expense Tracker\Expense Tracker.csproj", "{1079594C-F9EA-43E8-9522-42ED5B8A365A}"
EndProject
Global
	GlobalSection(SolutionConfigurationPlatforms) = preSolution
		Debug|Any CPU = Debug|Any CPU
		Release|Any CPU = Release|Any CPU
	EndGlobalSection
	GlobalSection(ProjectConfigurationPlatforms) = postSolution
		{1079594C-F9EA-43E8-9522-42ED5B8A365A}.Debug|Any CPU.ActiveCfg = Debug|Any CPU
		{1079594C-F9EA-43E8-9522-42ED5B8A365A}.Debug|Any CPU.Build.0 = Debug|Any CPU
		{1079594C-F9EA-43E8-9522-42ED5B8A365A}.Release|Any CPU.ActiveCfg = Release|Any CPU
		{1079594C-F9EA-43E8-9522-42ED5B8A365A}.Release|Any CPU.Build.0 = Release|Any CPU
	EndGlobalSection
	GlobalSection(SolutionProperties) = preSolution
		HideSolutionNode = FALSE
	EndGlobalSection
	GlobalSection(ExtensibilityGlobals) = postSolution
		SolutionGuid = {8B97C13C-1794-47C5-B3C2-4A140CF16B43}
	EndGlobalSection
EndGlobal
